// !$*UTF8*$!
{
	archiveVersion = 1;
	classes = {
	};
	objectVersion = 46;
	objects = {

/* Begin PBXBuildFile section */
		B730C7811B52F9D10033E1DA /* Bookings__0002_My-Bookings.png in Resources */ = {isa = PBXBuildFile; fileRef = B730C7801B52F9D10033E1DA /* Bookings__0002_My-Bookings.png */; };
		B730C7831B52FA530033E1DA /* Bookings__nav_drawer.png in Resources */ = {isa = PBXBuildFile; fileRef = B730C7821B52FA530033E1DA /* Bookings__nav_drawer.png */; };
		B730C7851B5307000033E1DA /* navigation_bar_background.png in Resources */ = {isa = PBXBuildFile; fileRef = B730C7841B5307000033E1DA /* navigation_bar_background.png */; };
		B74971851B4B0E6700B33E86 /* CloudKit.framework in Frameworks */ = {isa = PBXBuildFile; fileRef = B74971841B4B0E6700B33E86 /* CloudKit.framework */; };
		B7579F681B4DDC3D0044AC99 /* Booking.swift in Sources */ = {isa = PBXBuildFile; fileRef = B7579F671B4DDC3D0044AC99 /* Booking.swift */; };
		B7579F6A1B4DDDAB0044AC99 /* SoccerField.swift in Sources */ = {isa = PBXBuildFile; fileRef = B7579F691B4DDDAB0044AC99 /* SoccerField.swift */; };
		B75FD6A61B2692E50085129A /* RegistrationViewController.swift in Sources */ = {isa = PBXBuildFile; fileRef = B75FD6A51B2692E50085129A /* RegistrationViewController.swift */; };
		B78E209A1B42168200FD8E39 /* NetworkAdapter.swift in Sources */ = {isa = PBXBuildFile; fileRef = B78E20991B42168200FD8E39 /* NetworkAdapter.swift */; };
		B78E209C1B421F7500FD8E39 /* User.swift in Sources */ = {isa = PBXBuildFile; fileRef = B78E209B1B421F7500FD8E39 /* User.swift */; };
		B7AACAFE1B2A6E09005585B4 /* MyBookingsViewController.swift in Sources */ = {isa = PBXBuildFile; fileRef = B7AACAFD1B2A6E09005585B4 /* MyBookingsViewController.swift */; };
		B7C623001B4E12B2009E4D79 /* BookingTimeTableViewCell.swift in Sources */ = {isa = PBXBuildFile; fileRef = B7C622FF1B4E12B2009E4D79 /* BookingTimeTableViewCell.swift */; };
		B7C623021B4E138D009E4D79 /* book_now.png in Resources */ = {isa = PBXBuildFile; fileRef = B7C623011B4E138D009E4D79 /* book_now.png */; };
		B7D464941B4ED8780050B4E1 /* cancel_image_button.png in Resources */ = {isa = PBXBuildFile; fileRef = B7D464931B4ED8780050B4E1 /* cancel_image_button.png */; };
		B7D464961B4EDA200050B4E1 /* MyBookingTableViewCell.swift in Sources */ = {isa = PBXBuildFile; fileRef = B7D464951B4EDA200050B4E1 /* MyBookingTableViewCell.swift */; };
		B7DDFBC81B2682FB00E168A9 /* login_logo.png in Resources */ = {isa = PBXBuildFile; fileRef = B7DDFBC71B2682FB00E168A9 /* login_logo.png */; };
		B7DDFBCA1B26872800E168A9 /* LoginViewController.swift in Sources */ = {isa = PBXBuildFile; fileRef = B7DDFBC91B26872800E168A9 /* LoginViewController.swift */; };
		B7E16E771B30E43400717CCD /* MMDrawerBarButtonItem.m in Sources */ = {isa = PBXBuildFile; fileRef = B7E16E6F1B30E43400717CCD /* MMDrawerBarButtonItem.m */; };
		B7E16E781B30E43400717CCD /* MMDrawerController.m in Sources */ = {isa = PBXBuildFile; fileRef = B7E16E711B30E43400717CCD /* MMDrawerController.m */; };
		B7E16E791B30E43400717CCD /* MMDrawerVisualState.m in Sources */ = {isa = PBXBuildFile; fileRef = B7E16E741B30E43400717CCD /* MMDrawerVisualState.m */; };
		B7E16E7A1B30E43400717CCD /* UIViewController+MMDrawerController.m in Sources */ = {isa = PBXBuildFile; fileRef = B7E16E761B30E43400717CCD /* UIViewController+MMDrawerController.m */; };
		B7E16E7C1B30E5A900717CCD /* LeftDrawerViewController.swift in Sources */ = {isa = PBXBuildFile; fileRef = B7E16E7B1B30E5A900717CCD /* LeftDrawerViewController.swift */; };
		B7E16E811B30E7D500717CCD /* SideMenu__0008_Shape-434.png in Resources */ = {isa = PBXBuildFile; fileRef = B7E16E7D1B30E7D500717CCD /* SideMenu__0008_Shape-434.png */; };
		B7E16E821B30E7D500717CCD /* SideMenu__0009_Shape-15.png in Resources */ = {isa = PBXBuildFile; fileRef = B7E16E7E1B30E7D500717CCD /* SideMenu__0009_Shape-15.png */; };
		B7E16E831B30E7D500717CCD /* SideMenu__0010_Shape-101.png in Resources */ = {isa = PBXBuildFile; fileRef = B7E16E7F1B30E7D500717CCD /* SideMenu__0010_Shape-101.png */; };
		B7E16E841B30E7D500717CCD /* SideMenu__0011_Shape-137.png in Resources */ = {isa = PBXBuildFile; fileRef = B7E16E801B30E7D500717CCD /* SideMenu__0011_Shape-137.png */; };
		B7E56CE41B26754500DBE055 /* AppDelegate.swift in Sources */ = {isa = PBXBuildFile; fileRef = B7E56CE31B26754500DBE055 /* AppDelegate.swift */; };
		B7E56CE61B26754500DBE055 /* ViewController.swift in Sources */ = {isa = PBXBuildFile; fileRef = B7E56CE51B26754500DBE055 /* ViewController.swift */; };
		B7E56CE91B26754500DBE055 /* Main.storyboard in Resources */ = {isa = PBXBuildFile; fileRef = B7E56CE71B26754500DBE055 /* Main.storyboard */; };
		B7E56CEB1B26754500DBE055 /* Images.xcassets in Resources */ = {isa = PBXBuildFile; fileRef = B7E56CEA1B26754500DBE055 /* Images.xcassets */; };
		B7E56CEE1B26754500DBE055 /* LaunchScreen.xib in Resources */ = {isa = PBXBuildFile; fileRef = B7E56CEC1B26754500DBE055 /* LaunchScreen.xib */; };
		B7E56CFA1B26754600DBE055 /* Fut5Tests.swift in Sources */ = {isa = PBXBuildFile; fileRef = B7E56CF91B26754600DBE055 /* Fut5Tests.swift */; };
		B7E56D051B2675E300DBE055 /* background_ios.png in Resources */ = {isa = PBXBuildFile; fileRef = B7E56D041B2675E200DBE055 /* background_ios.png */; };
/* End PBXBuildFile section */

/* Begin PBXContainerItemProxy section */
		B7E56CF41B26754600DBE055 /* PBXContainerItemProxy */ = {
			isa = PBXContainerItemProxy;
			containerPortal = B7E56CD61B26754500DBE055 /* Project object */;
			proxyType = 1;
			remoteGlobalIDString = B7E56CDD1B26754500DBE055;
			remoteInfo = Fut5;
		};
/* End PBXContainerItemProxy section */

/* Begin PBXFileReference section */
		B730C7801B52F9D10033E1DA /* Bookings__0002_My-Bookings.png */ = {isa = PBXFileReference; lastKnownFileType = image.png; path = "Bookings__0002_My-Bookings.png"; sourceTree = "<group>"; };
		B730C7821B52FA530033E1DA /* Bookings__nav_drawer.png */ = {isa = PBXFileReference; lastKnownFileType = image.png; path = Bookings__nav_drawer.png; sourceTree = "<group>"; };
		B730C7841B5307000033E1DA /* navigation_bar_background.png */ = {isa = PBXFileReference; lastKnownFileType = image.png; path = navigation_bar_background.png; sourceTree = "<group>"; };
		B74971841B4B0E6700B33E86 /* CloudKit.framework */ = {isa = PBXFileReference; lastKnownFileType = wrapper.framework; name = CloudKit.framework; path = System/Library/Frameworks/CloudKit.framework; sourceTree = SDKROOT; };
		B7579F671B4DDC3D0044AC99 /* Booking.swift */ = {isa = PBXFileReference; fileEncoding = 4; lastKnownFileType = sourcecode.swift; path = Booking.swift; sourceTree = "<group>"; };
		B7579F691B4DDDAB0044AC99 /* SoccerField.swift */ = {isa = PBXFileReference; fileEncoding = 4; lastKnownFileType = sourcecode.swift; path = SoccerField.swift; sourceTree = "<group>"; };
		B75FD6A51B2692E50085129A /* RegistrationViewController.swift */ = {isa = PBXFileReference; fileEncoding = 4; lastKnownFileType = sourcecode.swift; path = RegistrationViewController.swift; sourceTree = "<group>"; };
		B78E20991B42168200FD8E39 /* NetworkAdapter.swift */ = {isa = PBXFileReference; fileEncoding = 4; lastKnownFileType = sourcecode.swift; path = NetworkAdapter.swift; sourceTree = "<group>"; };
		B78E209B1B421F7500FD8E39 /* User.swift */ = {isa = PBXFileReference; fileEncoding = 4; lastKnownFileType = sourcecode.swift; path = User.swift; sourceTree = "<group>"; };
		B7AACAFD1B2A6E09005585B4 /* MyBookingsViewController.swift */ = {isa = PBXFileReference; fileEncoding = 4; lastKnownFileType = sourcecode.swift; path = MyBookingsViewController.swift; sourceTree = "<group>"; };
		B7C622FF1B4E12B2009E4D79 /* BookingTimeTableViewCell.swift */ = {isa = PBXFileReference; fileEncoding = 4; lastKnownFileType = sourcecode.swift; path = BookingTimeTableViewCell.swift; sourceTree = "<group>"; };
		B7C623011B4E138D009E4D79 /* book_now.png */ = {isa = PBXFileReference; lastKnownFileType = image.png; path = book_now.png; sourceTree = "<group>"; };
		B7D464931B4ED8780050B4E1 /* cancel_image_button.png */ = {isa = PBXFileReference; lastKnownFileType = image.png; path = cancel_image_button.png; sourceTree = "<group>"; };
		B7D464951B4EDA200050B4E1 /* MyBookingTableViewCell.swift */ = {isa = PBXFileReference; fileEncoding = 4; lastKnownFileType = sourcecode.swift; path = MyBookingTableViewCell.swift; sourceTree = "<group>"; };
		B7DDFBC71B2682FB00E168A9 /* login_logo.png */ = {isa = PBXFileReference; lastKnownFileType = image.png; path = login_logo.png; sourceTree = "<group>"; };
		B7DDFBC91B26872800E168A9 /* LoginViewController.swift */ = {isa = PBXFileReference; fileEncoding = 4; lastKnownFileType = sourcecode.swift; path = LoginViewController.swift; sourceTree = "<group>"; };
		B7E16E6D1B30E43300717CCD /* Fut5-Bridging-Header.h */ = {isa = PBXFileReference; lastKnownFileType = sourcecode.c.h; path = "Fut5-Bridging-Header.h"; sourceTree = "<group>"; };
		B7E16E6E1B30E43400717CCD /* MMDrawerBarButtonItem.h */ = {isa = PBXFileReference; fileEncoding = 4; lastKnownFileType = sourcecode.c.h; path = MMDrawerBarButtonItem.h; sourceTree = "<group>"; };
		B7E16E6F1B30E43400717CCD /* MMDrawerBarButtonItem.m */ = {isa = PBXFileReference; fileEncoding = 4; lastKnownFileType = sourcecode.c.objc; path = MMDrawerBarButtonItem.m; sourceTree = "<group>"; };
		B7E16E701B30E43400717CCD /* MMDrawerController.h */ = {isa = PBXFileReference; fileEncoding = 4; lastKnownFileType = sourcecode.c.h; path = MMDrawerController.h; sourceTree = "<group>"; };
		B7E16E711B30E43400717CCD /* MMDrawerController.m */ = {isa = PBXFileReference; fileEncoding = 4; lastKnownFileType = sourcecode.c.objc; path = MMDrawerController.m; sourceTree = "<group>"; };
		B7E16E721B30E43400717CCD /* MMDrawerController+Subclass.h */ = {isa = PBXFileReference; fileEncoding = 4; lastKnownFileType = sourcecode.c.h; path = "MMDrawerController+Subclass.h"; sourceTree = "<group>"; };
		B7E16E731B30E43400717CCD /* MMDrawerVisualState.h */ = {isa = PBXFileReference; fileEncoding = 4; lastKnownFileType = sourcecode.c.h; path = MMDrawerVisualState.h; sourceTree = "<group>"; };
		B7E16E741B30E43400717CCD /* MMDrawerVisualState.m */ = {isa = PBXFileReference; fileEncoding = 4; lastKnownFileType = sourcecode.c.objc; path = MMDrawerVisualState.m; sourceTree = "<group>"; };
		B7E16E751B30E43400717CCD /* UIViewController+MMDrawerController.h */ = {isa = PBXFileReference; fileEncoding = 4; lastKnownFileType = sourcecode.c.h; path = "UIViewController+MMDrawerController.h"; sourceTree = "<group>"; };
		B7E16E761B30E43400717CCD /* UIViewController+MMDrawerController.m */ = {isa = PBXFileReference; fileEncoding = 4; lastKnownFileType = sourcecode.c.objc; path = "UIViewController+MMDrawerController.m"; sourceTree = "<group>"; };
		B7E16E7B1B30E5A900717CCD /* LeftDrawerViewController.swift */ = {isa = PBXFileReference; fileEncoding = 4; lastKnownFileType = sourcecode.swift; path = LeftDrawerViewController.swift; sourceTree = "<group>"; };
		B7E16E7D1B30E7D500717CCD /* SideMenu__0008_Shape-434.png */ = {isa = PBXFileReference; lastKnownFileType = image.png; path = "SideMenu__0008_Shape-434.png"; sourceTree = "<group>"; };
		B7E16E7E1B30E7D500717CCD /* SideMenu__0009_Shape-15.png */ = {isa = PBXFileReference; lastKnownFileType = image.png; path = "SideMenu__0009_Shape-15.png"; sourceTree = "<group>"; };
		B7E16E7F1B30E7D500717CCD /* SideMenu__0010_Shape-101.png */ = {isa = PBXFileReference; lastKnownFileType = image.png; path = "SideMenu__0010_Shape-101.png"; sourceTree = "<group>"; };
		B7E16E801B30E7D500717CCD /* SideMenu__0011_Shape-137.png */ = {isa = PBXFileReference; lastKnownFileType = image.png; path = "SideMenu__0011_Shape-137.png"; sourceTree = "<group>"; };
		B7E56CDE1B26754500DBE055 /* Fut5.app */ = {isa = PBXFileReference; explicitFileType = wrapper.application; includeInIndex = 0; path = Fut5.app; sourceTree = BUILT_PRODUCTS_DIR; };
		B7E56CE21B26754500DBE055 /* Info.plist */ = {isa = PBXFileReference; lastKnownFileType = text.plist.xml; path = Info.plist; sourceTree = "<group>"; };
		B7E56CE31B26754500DBE055 /* AppDelegate.swift */ = {isa = PBXFileReference; lastKnownFileType = sourcecode.swift; path = AppDelegate.swift; sourceTree = "<group>"; };
		B7E56CE51B26754500DBE055 /* ViewController.swift */ = {isa = PBXFileReference; lastKnownFileType = sourcecode.swift; path = ViewController.swift; sourceTree = "<group>"; };
		B7E56CE81B26754500DBE055 /* Base */ = {isa = PBXFileReference; lastKnownFileType = file.storyboard; name = Base; path = Base.lproj/Main.storyboard; sourceTree = "<group>"; };
		B7E56CEA1B26754500DBE055 /* Images.xcassets */ = {isa = PBXFileReference; lastKnownFileType = folder.assetcatalog; path = Images.xcassets; sourceTree = "<group>"; };
		B7E56CED1B26754500DBE055 /* Base */ = {isa = PBXFileReference; lastKnownFileType = file.xib; name = Base; path = Base.lproj/LaunchScreen.xib; sourceTree = "<group>"; };
		B7E56CF31B26754600DBE055 /* Fut5Tests.xctest */ = {isa = PBXFileReference; explicitFileType = wrapper.cfbundle; includeInIndex = 0; path = Fut5Tests.xctest; sourceTree = BUILT_PRODUCTS_DIR; };
		B7E56CF81B26754600DBE055 /* Info.plist */ = {isa = PBXFileReference; lastKnownFileType = text.plist.xml; path = Info.plist; sourceTree = "<group>"; };
		B7E56CF91B26754600DBE055 /* Fut5Tests.swift */ = {isa = PBXFileReference; lastKnownFileType = sourcecode.swift; path = Fut5Tests.swift; sourceTree = "<group>"; };
		B7E56D041B2675E200DBE055 /* background_ios.png */ = {isa = PBXFileReference; lastKnownFileType = image.png; path = background_ios.png; sourceTree = "<group>"; };
/* End PBXFileReference section */

/* Begin PBXFrameworksBuildPhase section */
		B7E56CDB1B26754500DBE055 /* Frameworks */ = {
			isa = PBXFrameworksBuildPhase;
			buildActionMask = 2147483647;
			files = (
				B74971851B4B0E6700B33E86 /* CloudKit.framework in Frameworks */,
			);
			runOnlyForDeploymentPostprocessing = 0;
		};
		B7E56CF01B26754600DBE055 /* Frameworks */ = {
			isa = PBXFrameworksBuildPhase;
			buildActionMask = 2147483647;
			files = (
			);
			runOnlyForDeploymentPostprocessing = 0;
		};
/* End PBXFrameworksBuildPhase section */

/* Begin PBXGroup section */
		B7E16E6C1B30E31A00717CCD /* LeftSideMenu */ = {
			isa = PBXGroup;
			children = (
				B7E16E6E1B30E43400717CCD /* MMDrawerBarButtonItem.h */,
				B7E16E6F1B30E43400717CCD /* MMDrawerBarButtonItem.m */,
				B7E16E701B30E43400717CCD /* MMDrawerController.h */,
				B7E16E711B30E43400717CCD /* MMDrawerController.m */,
				B7E16E721B30E43400717CCD /* MMDrawerController+Subclass.h */,
				B7E16E731B30E43400717CCD /* MMDrawerVisualState.h */,
				B7E16E741B30E43400717CCD /* MMDrawerVisualState.m */,
				B7E16E751B30E43400717CCD /* UIViewController+MMDrawerController.h */,
				B7E16E761B30E43400717CCD /* UIViewController+MMDrawerController.m */,
				B7E16E6D1B30E43300717CCD /* Fut5-Bridging-Header.h */,
			);
			name = LeftSideMenu;
			sourceTree = "<group>";
		};
		B7E56CD51B26754500DBE055 = {
			isa = PBXGroup;
			children = (
				B74971841B4B0E6700B33E86 /* CloudKit.framework */,
				B7E56CE01B26754500DBE055 /* Fut5 */,
				B7E56CF61B26754600DBE055 /* Fut5Tests */,
				B7E56CDF1B26754500DBE055 /* Products */,
			);
			sourceTree = "<group>";
		};
		B7E56CDF1B26754500DBE055 /* Products */ = {
			isa = PBXGroup;
			children = (
				B7E56CDE1B26754500DBE055 /* Fut5.app */,
				B7E56CF31B26754600DBE055 /* Fut5Tests.xctest */,
			);
			name = Products;
			sourceTree = "<group>";
		};
		B7E56CE01B26754500DBE055 /* Fut5 */ = {
			isa = PBXGroup;
			children = (
				B7E16E6C1B30E31A00717CCD /* LeftSideMenu */,
				B7E56D031B2675D100DBE055 /* images */,
				B7E56CE31B26754500DBE055 /* AppDelegate.swift */,
				B7E56CE51B26754500DBE055 /* ViewController.swift */,
				B7E56CE71B26754500DBE055 /* Main.storyboard */,
				B7E56CEA1B26754500DBE055 /* Images.xcassets */,
				B7E56CEC1B26754500DBE055 /* LaunchScreen.xib */,
				B7E56CE11B26754500DBE055 /* Supporting Files */,
				B7DDFBC91B26872800E168A9 /* LoginViewController.swift */,
				B75FD6A51B2692E50085129A /* RegistrationViewController.swift */,
				B7AACAFD1B2A6E09005585B4 /* MyBookingsViewController.swift */,
				B7E16E7B1B30E5A900717CCD /* LeftDrawerViewController.swift */,
				B78E20991B42168200FD8E39 /* NetworkAdapter.swift */,
				B78E209B1B421F7500FD8E39 /* User.swift */,
				B7579F671B4DDC3D0044AC99 /* Booking.swift */,
				B7579F691B4DDDAB0044AC99 /* SoccerField.swift */,
				B7C622FF1B4E12B2009E4D79 /* BookingTimeTableViewCell.swift */,
				B7D464951B4EDA200050B4E1 /* MyBookingTableViewCell.swift */,
			);
			path = Fut5;
			sourceTree = "<group>";
		};
		B7E56CE11B26754500DBE055 /* Supporting Files */ = {
			isa = PBXGroup;
			children = (
				B7E56CE21B26754500DBE055 /* Info.plist */,
			);
			name = "Supporting Files";
			sourceTree = "<group>";
		};
		B7E56CF61B26754600DBE055 /* Fut5Tests */ = {
			isa = PBXGroup;
			children = (
				B7E56CF91B26754600DBE055 /* Fut5Tests.swift */,
				B7E56CF71B26754600DBE055 /* Supporting Files */,
			);
			path = Fut5Tests;
			sourceTree = "<group>";
		};
		B7E56CF71B26754600DBE055 /* Supporting Files */ = {
			isa = PBXGroup;
			children = (
				B7E56CF81B26754600DBE055 /* Info.plist */,
			);
			name = "Supporting Files";
			sourceTree = "<group>";
		};
		B7E56D031B2675D100DBE055 /* images */ = {
			isa = PBXGroup;
			children = (
				B7E16E7D1B30E7D500717CCD /* SideMenu__0008_Shape-434.png */,
				B7E16E7E1B30E7D500717CCD /* SideMenu__0009_Shape-15.png */,
				B7E16E7F1B30E7D500717CCD /* SideMenu__0010_Shape-101.png */,
				B7E16E801B30E7D500717CCD /* SideMenu__0011_Shape-137.png */,
				B730C7801B52F9D10033E1DA /* Bookings__0002_My-Bookings.png */,
				B730C7821B52FA530033E1DA /* Bookings__nav_drawer.png */,
				B7DDFBC71B2682FB00E168A9 /* login_logo.png */,
				B7C623011B4E138D009E4D79 /* book_now.png */,
				B7D464931B4ED8780050B4E1 /* cancel_image_button.png */,
				B7E56D041B2675E200DBE055 /* background_ios.png */,
				B730C7841B5307000033E1DA /* navigation_bar_background.png */,
			);
			name = images;
			sourceTree = "<group>";
		};
/* End PBXGroup section */

/* Begin PBXNativeTarget section */
		B7E56CDD1B26754500DBE055 /* Fut5 */ = {
			isa = PBXNativeTarget;
			buildConfigurationList = B7E56CFD1B26754600DBE055 /* Build configuration list for PBXNativeTarget "Fut5" */;
			buildPhases = (
				B7E56CDA1B26754500DBE055 /* Sources */,
				B7E56CDB1B26754500DBE055 /* Frameworks */,
				B7E56CDC1B26754500DBE055 /* Resources */,
			);
			buildRules = (
			);
			dependencies = (
			);
			name = Fut5;
			productName = Fut5;
			productReference = B7E56CDE1B26754500DBE055 /* Fut5.app */;
			productType = "com.apple.product-type.application";
		};
		B7E56CF21B26754600DBE055 /* Fut5Tests */ = {
			isa = PBXNativeTarget;
			buildConfigurationList = B7E56D001B26754600DBE055 /* Build configuration list for PBXNativeTarget "Fut5Tests" */;
			buildPhases = (
				B7E56CEF1B26754600DBE055 /* Sources */,
				B7E56CF01B26754600DBE055 /* Frameworks */,
				B7E56CF11B26754600DBE055 /* Resources */,
			);
			buildRules = (
			);
			dependencies = (
				B7E56CF51B26754600DBE055 /* PBXTargetDependency */,
			);
			name = Fut5Tests;
			productName = Fut5Tests;
			productReference = B7E56CF31B26754600DBE055 /* Fut5Tests.xctest */;
			productType = "com.apple.product-type.bundle.unit-test";
		};
/* End PBXNativeTarget section */

/* Begin PBXProject section */
		B7E56CD61B26754500DBE055 /* Project object */ = {
			isa = PBXProject;
			attributes = {
				LastUpgradeCheck = 0620;
				ORGANIZATIONNAME = "Jaydot2 LLC";
				TargetAttributes = {
					B7E56CDD1B26754500DBE055 = {
						CreatedOnToolsVersion = 6.2;
					};
					B7E56CF21B26754600DBE055 = {
						CreatedOnToolsVersion = 6.2;
						TestTargetID = B7E56CDD1B26754500DBE055;
					};
				};
			};
			buildConfigurationList = B7E56CD91B26754500DBE055 /* Build configuration list for PBXProject "Fut5" */;
			compatibilityVersion = "Xcode 3.2";
			developmentRegion = English;
			hasScannedForEncodings = 0;
			knownRegions = (
				en,
				Base,
			);
			mainGroup = B7E56CD51B26754500DBE055;
			productRefGroup = B7E56CDF1B26754500DBE055 /* Products */;
			projectDirPath = "";
			projectRoot = "";
			targets = (
				B7E56CDD1B26754500DBE055 /* Fut5 */,
				B7E56CF21B26754600DBE055 /* Fut5Tests */,
			);
		};
/* End PBXProject section */

/* Begin PBXResourcesBuildPhase section */
		B7E56CDC1B26754500DBE055 /* Resources */ = {
			isa = PBXResourcesBuildPhase;
			buildActionMask = 2147483647;
			files = (
				B7E16E821B30E7D500717CCD /* SideMenu__0009_Shape-15.png in Resources */,
				B7E56CE91B26754500DBE055 /* Main.storyboard in Resources */,
				B7E16E841B30E7D500717CCD /* SideMenu__0011_Shape-137.png in Resources */,
				B7DDFBC81B2682FB00E168A9 /* login_logo.png in Resources */,
				B7E56CEE1B26754500DBE055 /* LaunchScreen.xib in Resources */,
				B7C623021B4E138D009E4D79 /* book_now.png in Resources */,
				B7E16E811B30E7D500717CCD /* SideMenu__0008_Shape-434.png in Resources */,
				B730C7851B5307000033E1DA /* navigation_bar_background.png in Resources */,
				B730C7811B52F9D10033E1DA /* Bookings__0002_My-Bookings.png in Resources */,
				B7E56CEB1B26754500DBE055 /* Images.xcassets in Resources */,
				B7E56D051B2675E300DBE055 /* background_ios.png in Resources */,
				B7D464941B4ED8780050B4E1 /* cancel_image_button.png in Resources */,
				B7E16E831B30E7D500717CCD /* SideMenu__0010_Shape-101.png in Resources */,
				B730C7831B52FA530033E1DA /* Bookings__nav_drawer.png in Resources */,
			);
			runOnlyForDeploymentPostprocessing = 0;
		};
		B7E56CF11B26754600DBE055 /* Resources */ = {
			isa = PBXResourcesBuildPhase;
			buildActionMask = 2147483647;
			files = (
			);
			runOnlyForDeploymentPostprocessing = 0;
		};
/* End PBXResourcesBuildPhase section */

/* Begin PBXSourcesBuildPhase section */
		B7E56CDA1B26754500DBE055 /* Sources */ = {
			isa = PBXSourcesBuildPhase;
			buildActionMask = 2147483647;
			files = (
				B7DDFBCA1B26872800E168A9 /* LoginViewController.swift in Sources */,
				B7E16E771B30E43400717CCD /* MMDrawerBarButtonItem.m in Sources */,
				B7E16E7C1B30E5A900717CCD /* LeftDrawerViewController.swift in Sources */,
				B7579F6A1B4DDDAB0044AC99 /* SoccerField.swift in Sources */,
				B7E16E781B30E43400717CCD /* MMDrawerController.m in Sources */,
				B7E56CE61B26754500DBE055 /* ViewController.swift in Sources */,
				B7579F681B4DDC3D0044AC99 /* Booking.swift in Sources */,
				B7C623001B4E12B2009E4D79 /* BookingTimeTableViewCell.swift in Sources */,
				B7E16E791B30E43400717CCD /* MMDrawerVisualState.m in Sources */,
				B7D464961B4EDA200050B4E1 /* MyBookingTableViewCell.swift in Sources */,
				B75FD6A61B2692E50085129A /* RegistrationViewController.swift in Sources */,
				B7E16E7A1B30E43400717CCD /* UIViewController+MMDrawerController.m in Sources */,
				B78E209C1B421F7500FD8E39 /* User.swift in Sources */,
				B78E209A1B42168200FD8E39 /* NetworkAdapter.swift in Sources */,
				B7E56CE41B26754500DBE055 /* AppDelegate.swift in Sources */,
				B7AACAFE1B2A6E09005585B4 /* MyBookingsViewController.swift in Sources */,
			);
			runOnlyForDeploymentPostprocessing = 0;
		};
		B7E56CEF1B26754600DBE055 /* Sources */ = {
			isa = PBXSourcesBuildPhase;
			buildActionMask = 2147483647;
			files = (
				B7E56CFA1B26754600DBE055 /* Fut5Tests.swift in Sources */,
			);
			runOnlyForDeploymentPostprocessing = 0;
		};
/* End PBXSourcesBuildPhase section */

/* Begin PBXTargetDependency section */
		B7E56CF51B26754600DBE055 /* PBXTargetDependency */ = {
			isa = PBXTargetDependency;
			target = B7E56CDD1B26754500DBE055 /* Fut5 */;
			targetProxy = B7E56CF41B26754600DBE055 /* PBXContainerItemProxy */;
		};
/* End PBXTargetDependency section */

/* Begin PBXVariantGroup section */
		B7E56CE71B26754500DBE055 /* Main.storyboard */ = {
			isa = PBXVariantGroup;
			children = (
				B7E56CE81B26754500DBE055 /* Base */,
			);
			name = Main.storyboard;
			sourceTree = "<group>";
		};
		B7E56CEC1B26754500DBE055 /* LaunchScreen.xib */ = {
			isa = PBXVariantGroup;
			children = (
				B7E56CED1B26754500DBE055 /* Base */,
			);
			name = LaunchScreen.xib;
			sourceTree = "<group>";
		};
/* End PBXVariantGroup section */

/* Begin XCBuildConfiguration section */
		B7E56CFB1B26754600DBE055 /* Debug */ = {
			isa = XCBuildConfiguration;
			buildSettings = {
				ALWAYS_SEARCH_USER_PATHS = NO;
				CLANG_CXX_LANGUAGE_STANDARD = "gnu++0x";
				CLANG_CXX_LIBRARY = "libc++";
				CLANG_ENABLE_MODULES = YES;
				CLANG_ENABLE_OBJC_ARC = YES;
				CLANG_WARN_BOOL_CONVERSION = YES;
				CLANG_WARN_CONSTANT_CONVERSION = YES;
				CLANG_WARN_DIRECT_OBJC_ISA_USAGE = YES_ERROR;
				CLANG_WARN_EMPTY_BODY = YES;
				CLANG_WARN_ENUM_CONVERSION = YES;
				CLANG_WARN_INT_CONVERSION = YES;
				CLANG_WARN_OBJC_ROOT_CLASS = YES_ERROR;
				CLANG_WARN_UNREACHABLE_CODE = YES;
				CLANG_WARN__DUPLICATE_METHOD_MATCH = YES;
				"CODE_SIGN_IDENTITY[sdk=iphoneos*]" = "iPhone Developer";
				COPY_PHASE_STRIP = NO;
				ENABLE_STRICT_OBJC_MSGSEND = YES;
				GCC_C_LANGUAGE_STANDARD = gnu99;
				GCC_DYNAMIC_NO_PIC = NO;
				GCC_OPTIMIZATION_LEVEL = 0;
				GCC_PREPROCESSOR_DEFINITIONS = (
					"DEBUG=1",
					"$(inherited)",
				);
				GCC_SYMBOLS_PRIVATE_EXTERN = NO;
				GCC_WARN_64_TO_32_BIT_CONVERSION = YES;
				GCC_WARN_ABOUT_RETURN_TYPE = YES_ERROR;
				GCC_WARN_UNDECLARED_SELECTOR = YES;
				GCC_WARN_UNINITIALIZED_AUTOS = YES_AGGRESSIVE;
				GCC_WARN_UNUSED_FUNCTION = YES;
				GCC_WARN_UNUSED_VARIABLE = YES;
				IPHONEOS_DEPLOYMENT_TARGET = 8.2;
				MTL_ENABLE_DEBUG_INFO = YES;
				ONLY_ACTIVE_ARCH = YES;
				SDKROOT = iphoneos;
				SWIFT_OPTIMIZATION_LEVEL = "-Onone";
				TARGETED_DEVICE_FAMILY = "1,2";
			};
			name = Debug;
		};
		B7E56CFC1B26754600DBE055 /* Release */ = {
			isa = XCBuildConfiguration;
			buildSettings = {
				ALWAYS_SEARCH_USER_PATHS = NO;
				CLANG_CXX_LANGUAGE_STANDARD = "gnu++0x";
				CLANG_CXX_LIBRARY = "libc++";
				CLANG_ENABLE_MODULES = YES;
				CLANG_ENABLE_OBJC_ARC = YES;
				CLANG_WARN_BOOL_CONVERSION = YES;
				CLANG_WARN_CONSTANT_CONVERSION = YES;
				CLANG_WARN_DIRECT_OBJC_ISA_USAGE = YES_ERROR;
				CLANG_WARN_EMPTY_BODY = YES;
				CLANG_WARN_ENUM_CONVERSION = YES;
				CLANG_WARN_INT_CONVERSION = YES;
				CLANG_WARN_OBJC_ROOT_CLASS = YES_ERROR;
				CLANG_WARN_UNREACHABLE_CODE = YES;
				CLANG_WARN__DUPLICATE_METHOD_MATCH = YES;
				"CODE_SIGN_IDENTITY[sdk=iphoneos*]" = "iPhone Developer";
				COPY_PHASE_STRIP = NO;
				ENABLE_NS_ASSERTIONS = NO;
				ENABLE_STRICT_OBJC_MSGSEND = YES;
				GCC_C_LANGUAGE_STANDARD = gnu99;
				GCC_WARN_64_TO_32_BIT_CONVERSION = YES;
				GCC_WARN_ABOUT_RETURN_TYPE = YES_ERROR;
				GCC_WARN_UNDECLARED_SELECTOR = YES;
				GCC_WARN_UNINITIALIZED_AUTOS = YES_AGGRESSIVE;
				GCC_WARN_UNUSED_FUNCTION = YES;
				GCC_WARN_UNUSED_VARIABLE = YES;
				IPHONEOS_DEPLOYMENT_TARGET = 8.2;
				MTL_ENABLE_DEBUG_INFO = NO;
				SDKROOT = iphoneos;
				TARGETED_DEVICE_FAMILY = "1,2";
				VALIDATE_PRODUCT = YES;
			};
			name = Release;
		};
		B7E56CFE1B26754600DBE055 /* Debug */ = {
			isa = XCBuildConfiguration;
			buildSettings = {
				ASSETCATALOG_COMPILER_APPICON_NAME = AppIcon;
				CLANG_ENABLE_MODULES = YES;
				INFOPLIST_FILE = Fut5/Info.plist;
				LD_RUNPATH_SEARCH_PATHS = "$(inherited) @executable_path/Frameworks";
				PRODUCT_NAME = "$(TARGET_NAME)";
				SWIFT_OBJC_BRIDGING_HEADER = "Fut5/Fut5-Bridging-Header.h";
				SWIFT_OPTIMIZATION_LEVEL = "-Onone";
			};
			name = Debug;
		};
		B7E56CFF1B26754600DBE055 /* Release */ = {
			isa = XCBuildConfiguration;
			buildSettings = {
				ASSETCATALOG_COMPILER_APPICON_NAME = AppIcon;
				CLANG_ENABLE_MODULES = YES;
				INFOPLIST_FILE = Fut5/Info.plist;
				LD_RUNPATH_SEARCH_PATHS = "$(inherited) @executable_path/Frameworks";
				PRODUCT_NAME = "$(TARGET_NAME)";
				SWIFT_OBJC_BRIDGING_HEADER = "Fut5/Fut5-Bridging-Header.h";
			};
			name = Release;
		};
		B7E56D011B26754600DBE055 /* Debug */ = {
			isa = XCBuildConfiguration;
			buildSettings = {
				BUNDLE_LOADER = "$(TEST_HOST)";
				FRAMEWORK_SEARCH_PATHS = (
					"$(SDKROOT)/Developer/Library/Frameworks",
					"$(inherited)",
				);
				GCC_PREPROCESSOR_DEFINITIONS = (
					"DEBUG=1",
					"$(inherited)",
				);
				INFOPLIST_FILE = Fut5Tests/Info.plist;
				LD_RUNPATH_SEARCH_PATHS = "$(inherited) @executable_path/Frameworks @loader_path/Frameworks";
				PRODUCT_NAME = "$(TARGET_NAME)";
				TEST_HOST = "$(BUILT_PRODUCTS_DIR)/Fut5.app/Fut5";
			};
			name = Debug;
		};
		B7E56D021B26754600DBE055 /* Release */ = {
			isa = XCBuildConfiguration;
			buildSettings = {
				BUNDLE_LOADER = "$(TEST_HOST)";
				FRAMEWORK_SEARCH_PATHS = (
					"$(SDKROOT)/Developer/Library/Frameworks",
					"$(inherited)",
				);
				INFOPLIST_FILE = Fut5Tests/Info.plist;
				LD_RUNPATH_SEARCH_PATHS = "$(inherited) @executable_path/Frameworks @loader_path/Frameworks";
				PRODUCT_NAME = "$(TARGET_NAME)";
				TEST_HOST = "$(BUILT_PRODUCTS_DIR)/Fut5.app/Fut5";
			};
			name = Release;
		};
/* End XCBuildConfiguration section */

/* Begin XCConfigurationList section */
		B7E56CD91B26754500DBE055 /* Build configuration list for PBXProject "Fut5" */ = {
			isa = XCConfigurationList;
			buildConfigurations = (
				B7E56CFB1B26754600DBE055 /* Debug */,
				B7E56CFC1B26754600DBE055 /* Release */,
			);
			defaultConfigurationIsVisible = 0;
			defaultConfigurationName = Release;
		};
		B7E56CFD1B26754600DBE055 /* Build configuration list for PBXNativeTarget "Fut5" */ = {
			isa = XCConfigurationList;
			buildConfigurations = (
				B7E56CFE1B26754600DBE055 /* Debug */,
				B7E56CFF1B26754600DBE055 /* Release */,
			);
			defaultConfigurationIsVisible = 0;
			defaultConfigurationName = Release;
		};
		B7E56D001B26754600DBE055 /* Build configuration list for PBXNativeTarget "Fut5Tests" */ = {
			isa = XCConfigurationList;
			buildConfigurations = (
				B7E56D011B26754600DBE055 /* Debug */,
				B7E56D021B26754600DBE055 /* Release */,
			);
			defaultConfigurationIsVisible = 0;
			defaultConfigurationName = Release;
		};
/* End XCConfigurationList section */
	};
	rootObject = B7E56CD61B26754500DBE055 /* Project object */;
}
